
Microsoft Visual Studio Solution File, Format Version 12.00
# Visual Studio Version 16
VisualStudioVersion = 16.0.30330.147
MinimumVisualStudioVersion = 10.0.40219.1
Project("{8BC9CEB8-8B4A-11D0-8D11-00A0C91BC942}") = "week1", "week1\week1.vcxproj", "{9C032213-3C93-4100-81EC-EE3DE6F07554}"
EndProject
Global
	GlobalSection(SolutionConfigurationPlatforms) = preSolution
		Debug|x64 = Debug|x64
		Debug|x86 = Debug|x86
		Release|x64 = Release|x64
		Release|x86 = Release|x86
	EndGlobalSection
	GlobalSection(ProjectConfigurationPlatforms) = postSolution
		{9C032213-3C93-4100-81EC-EE3DE6F07554}.Debug|x64.ActiveCfg = Debug|x64
		{9C032213-3C93-4100-81EC-EE3DE6F07554}.Debug|x64.Build.0 = Debug|x64
		{9C032213-3C93-4100-81EC-EE3DE6F07554}.Debug|x86.ActiveCfg = Debug|Win32
		{9C032213-3C93-4100-81EC-EE3DE6F07554}.Debug|x86.Build.0 = Debug|Win32
		{9C032213-3C93-4100-81EC-EE3DE6F07554}.Release|x64.ActiveCfg = Release|x64
		{9C032213-3C93-4100-81EC-EE3DE6F07554}.Release|x64.Build.0 = Release|x64
		{9C032213-3C93-4100-81EC-EE3DE6F07554}.Release|x86.ActiveCfg = Release|Win32
		{9C032213-3C93-4100-81EC-EE3DE6F07554}.Release|x86.Build.0 = Release|Win32
	EndGlobalSection
	GlobalSection(SolutionProperties) = preSolution
		HideSolutionNode = FALSE
	EndGlobalSection
	GlobalSection(ExtensibilityGlobals) = postSolution
		SolutionGuid = {BC5A1630-95F8-4D78-8A1D-82513B4F8E2F}
	EndGlobalSection
EndGlobal
